
Microsoft Visual Studio Solution File, Format Version 12.00
# Visual Studio Version 17
VisualStudioVersion = 17.14.36301.6 d17.14
MinimumVisualStudioVersion = 10.0.40219.1
Project("{FAE04EC0-301F-11D3-BF4B-00C04F79EFBC}") = "SomeTypeShit", "SomeTypeShit\SomeTypeShit.csproj", "{5A131E69-7F03-4053-9463-E9EF6009BD5E}"
EndProject
Global
	GlobalSection(SolutionConfigurationPlatforms) = preSolution
		Debug|Any CPU = Debug|Any CPU
		Release|Any CPU = Release|Any CPU
	EndGlobalSection
	GlobalSection(ProjectConfigurationPlatforms) = postSolution
		{5A131E69-7F03-4053-9463-E9EF6009BD5E}.Debug|Any CPU.ActiveCfg = Debug|Any CPU
		{5A131E69-7F03-4053-9463-E9EF6009BD5E}.Debug|Any CPU.Build.0 = Debug|Any CPU
		{5A131E69-7F03-4053-9463-E9EF6009BD5E}.Release|Any CPU.ActiveCfg = Release|Any CPU
		{5A131E69-7F03-4053-9463-E9EF6009BD5E}.Release|Any CPU.Build.0 = Release|Any CPU
	EndGlobalSection
	GlobalSection(SolutionProperties) = preSolution
		HideSolutionNode = FALSE
	EndGlobalSection
	GlobalSection(ExtensibilityGlobals) = postSolution
		SolutionGuid = {CC8E1517-5866-44C1-ABEB-0EADD6AF63D0}
	EndGlobalSection
EndGlobal
